
Microsoft Visual Studio Solution File, Format Version 12.00
# Visual Studio 14
VisualStudioVersion = 14.0.25420.1
MinimumVisualStudioVersion = 10.0.40219.1
Project("{8BB2217D-0F2D-49D1-97BC-3654ED321F3B}") = "hhs-p6-webshop-project", "hhs-p6-webshop-project\hhs-p6-webshop-project.xproj", "{53959C5A-6516-418B-9A56-044728A440DD}"
EndProject
Project("{8BB2217D-0F2D-49D1-97BC-3654ED321F3B}") = "Beun.Mail", "Beun.Mail\Beun.Mail.xproj", "{AFD72DB0-EFDE-44D6-A643-6A83E7C1187A}"
EndProject
Project("{8BB2217D-0F2D-49D1-97BC-3654ED321F3B}") = "SparkPost.NetCore", "SparkPost.NetCore\SparkPost.NetCore.xproj", "{3C6D5B6B-B837-47DA-8750-195F64F872AE}"
EndProject
Project("{8BB2217D-0F2D-49D1-97BC-3654ED321F3B}") = "hhs-p6-webshop-project-test", "hhs-p6-webshop-project-test\hhs-p6-webshop-project-test.xproj", "{46E7DC59-6D42-498F-9BAE-F55DD204919C}"
EndProject
Global
	GlobalSection(SolutionConfigurationPlatforms) = preSolution
		Debug|Any CPU = Debug|Any CPU
		Release|Any CPU = Release|Any CPU
	EndGlobalSection
	GlobalSection(ProjectConfigurationPlatforms) = postSolution
		{53959C5A-6516-418B-9A56-044728A440DD}.Debug|Any CPU.ActiveCfg = Debug|Any CPU
		{53959C5A-6516-418B-9A56-044728A440DD}.Debug|Any CPU.Build.0 = Debug|Any CPU
		{53959C5A-6516-418B-9A56-044728A440DD}.Release|Any CPU.ActiveCfg = Release|Any CPU
		{53959C5A-6516-418B-9A56-044728A440DD}.Release|Any CPU.Build.0 = Release|Any CPU
		{AFD72DB0-EFDE-44D6-A643-6A83E7C1187A}.Debug|Any CPU.ActiveCfg = Debug|Any CPU
		{AFD72DB0-EFDE-44D6-A643-6A83E7C1187A}.Debug|Any CPU.Build.0 = Debug|Any CPU
		{AFD72DB0-EFDE-44D6-A643-6A83E7C1187A}.Release|Any CPU.ActiveCfg = Release|Any CPU
		{AFD72DB0-EFDE-44D6-A643-6A83E7C1187A}.Release|Any CPU.Build.0 = Release|Any CPU
		{3C6D5B6B-B837-47DA-8750-195F64F872AE}.Debug|Any CPU.ActiveCfg = Debug|Any CPU
		{3C6D5B6B-B837-47DA-8750-195F64F872AE}.Debug|Any CPU.Build.0 = Debug|Any CPU
		{3C6D5B6B-B837-47DA-8750-195F64F872AE}.Release|Any CPU.ActiveCfg = Release|Any CPU
		{3C6D5B6B-B837-47DA-8750-195F64F872AE}.Release|Any CPU.Build.0 = Release|Any CPU
		{46E7DC59-6D42-498F-9BAE-F55DD204919C}.Debug|Any CPU.ActiveCfg = Debug|Any CPU
		{46E7DC59-6D42-498F-9BAE-F55DD204919C}.Debug|Any CPU.Build.0 = Debug|Any CPU
		{46E7DC59-6D42-498F-9BAE-F55DD204919C}.Release|Any CPU.ActiveCfg = Release|Any CPU
		{46E7DC59-6D42-498F-9BAE-F55DD204919C}.Release|Any CPU.Build.0 = Release|Any CPU
	EndGlobalSection
	GlobalSection(SolutionProperties) = preSolution
		HideSolutionNode = FALSE
	EndGlobalSection
EndGlobal
